
Microsoft Visual Studio Solution File, Format Version 12.00
# Visual Studio 15
VisualStudioVersion = 15.0.27703.2042
MinimumVisualStudioVersion = 10.0.40219.1
Project("{FAE04EC0-301F-11D3-BF4B-00C04F79EFBC}") = "Lab4c+", "Lab4c+\Lab4c+.csproj", "{45597A85-17EE-4ADF-9105-47503BFB9F50}"
EndProject
Global
	GlobalSection(SolutionConfigurationPlatforms) = preSolution
		Debug|Any CPU = Debug|Any CPU
		Release|Any CPU = Release|Any CPU
	EndGlobalSection
	GlobalSection(ProjectConfigurationPlatforms) = postSolution
		{45597A85-17EE-4ADF-9105-47503BFB9F50}.Debug|Any CPU.ActiveCfg = Debug|Any CPU
		{45597A85-17EE-4ADF-9105-47503BFB9F50}.Debug|Any CPU.Build.0 = Debug|Any CPU
		{45597A85-17EE-4ADF-9105-47503BFB9F50}.Release|Any CPU.ActiveCfg = Release|Any CPU
		{45597A85-17EE-4ADF-9105-47503BFB9F50}.Release|Any CPU.Build.0 = Release|Any CPU
	EndGlobalSection
	GlobalSection(SolutionProperties) = preSolution
		HideSolutionNode = FALSE
	EndGlobalSection
	GlobalSection(ExtensibilityGlobals) = postSolution
		SolutionGuid = {F1BA6873-B8AD-4AB3-9687-9826F7A01652}
	EndGlobalSection
EndGlobal
